
Microsoft Visual Studio Solution File, Format Version 12.00
# Visual Studio Version 17
VisualStudioVersion = 17.0.31912.275
MinimumVisualStudioVersion = 10.0.40219.1
Project("{9A19103F-16F7-4668-BE54-9A1E7A4F7556}") = "LifeMates", "src\LifeMates\LifeMates.csproj", "{B4F08BFA-7746-450D-B9C5-C6F971E9BF49}"
EndProject
Project("{2150E333-8FDC-42A3-9474-1A3956D46DE8}") = "Solution Items", "Solution Items", "{AD3DF38E-0E52-41EA-B1A5-9A5E0B87D515}"
EndProject
Project("{2150E333-8FDC-42A3-9474-1A3956D46DE8}") = "src", "src", "{DC6B615B-2571-41ED-8506-5D1A19911F29}"
EndProject
Project("{2150E333-8FDC-42A3-9474-1A3956D46DE8}") = "tests", "tests", "{4C1CD6AC-EF53-4EB3-A72B-BE5CF741B69C}"
EndProject
Project("{9A19103F-16F7-4668-BE54-9A1E7A4F7556}") = "LifeMates.WebApi", "src\LifeMates.WebApi\LifeMates.WebApi.csproj", "{7801EBD5-647A-4D86-B314-DA2C03ED2EDB}"
EndProject
Project("{9A19103F-16F7-4668-BE54-9A1E7A4F7556}") = "LifeMates.Domain", "src\LifeMates.Domain\LifeMates.Domain.csproj", "{2B9E7B39-43A6-4E2D-B211-8CA2FCCAE43B}"
EndProject
Project("{9A19103F-16F7-4668-BE54-9A1E7A4F7556}") = "LifeMates.Core", "src\LifeMates.Core\LifeMates.Core.csproj", "{84A53A68-5577-453F-A3E9-E26B346F60DB}"
EndProject
Project("{9A19103F-16F7-4668-BE54-9A1E7A4F7556}") = "LifeMates.Infrastructure", "src\LifeMates.Infrastructure\LifeMates.Infrastructure.csproj", "{9EA3B5F5-3DC3-4052-9640-AA1126FD5EEB}"
EndProject
Project("{9A19103F-16F7-4668-BE54-9A1E7A4F7556}") = "LifeMates.Storage", "src\LifeMates.Storage\LifeMates.Storage.csproj", "{350F913E-86F7-4D86-A950-E5BFA33889A4}"
EndProject
Project("{FAE04EC0-301F-11D3-BF4B-00C04F79EFBC}") = "LifeMates.Auth", "src\LifeMates.Auth\LifeMates.Auth.csproj", "{4BC5267B-4289-4CCA-BF94-42FFDCF24176}"
EndProject
Project("{FAE04EC0-301F-11D3-BF4B-00C04F79EFBC}") = "LifeMates.Storage.SharedKernel", "src\LifeMates.Storage.SharedKernel\LifeMates.Storage.SharedKernel.csproj", "{D9BBF118-A139-471D-8790-B362429529A5}"
EndProject
Project("{FAE04EC0-301F-11D3-BF4B-00C04F79EFBC}") = "Tests.LifeMates.Storage", "tests\Tests.LifeMates.Storage\Tests.LifeMates.Storage.csproj", "{2B417881-0C86-43A1-A91F-42AB4EC6CBCE}"
EndProject
Project("{FAE04EC0-301F-11D3-BF4B-00C04F79EFBC}") = "Tests.LifeMates.Core", "tests\Tests.LifeMates.Core\Tests.LifeMates.Core.csproj", "{2EB4A945-01D0-4500-BEAF-31B76A6D275F}"
EndProject
Project("{FAE04EC0-301F-11D3-BF4B-00C04F79EFBC}") = "Tests.LifeMates.Domain", "tests\Tests.LifeMates.Domain\Tests.LifeMates.Domain.csproj", "{277B9721-311A-4B35-BEFC-495C4B29859C}"
EndProject
Global
	GlobalSection(SolutionConfigurationPlatforms) = preSolution
		Debug|Any CPU = Debug|Any CPU
		Release|Any CPU = Release|Any CPU
	EndGlobalSection
	GlobalSection(ProjectConfigurationPlatforms) = postSolution
		{B4F08BFA-7746-450D-B9C5-C6F971E9BF49}.Debug|Any CPU.ActiveCfg = Debug|Any CPU
		{B4F08BFA-7746-450D-B9C5-C6F971E9BF49}.Debug|Any CPU.Build.0 = Debug|Any CPU
		{B4F08BFA-7746-450D-B9C5-C6F971E9BF49}.Release|Any CPU.ActiveCfg = Release|Any CPU
		{B4F08BFA-7746-450D-B9C5-C6F971E9BF49}.Release|Any CPU.Build.0 = Release|Any CPU
		{7801EBD5-647A-4D86-B314-DA2C03ED2EDB}.Debug|Any CPU.ActiveCfg = Debug|Any CPU
		{7801EBD5-647A-4D86-B314-DA2C03ED2EDB}.Debug|Any CPU.Build.0 = Debug|Any CPU
		{7801EBD5-647A-4D86-B314-DA2C03ED2EDB}.Release|Any CPU.ActiveCfg = Release|Any CPU
		{7801EBD5-647A-4D86-B314-DA2C03ED2EDB}.Release|Any CPU.Build.0 = Release|Any CPU
		{2B9E7B39-43A6-4E2D-B211-8CA2FCCAE43B}.Debug|Any CPU.ActiveCfg = Debug|Any CPU
		{2B9E7B39-43A6-4E2D-B211-8CA2FCCAE43B}.Debug|Any CPU.Build.0 = Debug|Any CPU
		{2B9E7B39-43A6-4E2D-B211-8CA2FCCAE43B}.Release|Any CPU.ActiveCfg = Release|Any CPU
		{2B9E7B39-43A6-4E2D-B211-8CA2FCCAE43B}.Release|Any CPU.Build.0 = Release|Any CPU
		{84A53A68-5577-453F-A3E9-E26B346F60DB}.Debug|Any CPU.ActiveCfg = Debug|Any CPU
		{84A53A68-5577-453F-A3E9-E26B346F60DB}.Debug|Any CPU.Build.0 = Debug|Any CPU
		{84A53A68-5577-453F-A3E9-E26B346F60DB}.Release|Any CPU.ActiveCfg = Release|Any CPU
		{84A53A68-5577-453F-A3E9-E26B346F60DB}.Release|Any CPU.Build.0 = Release|Any CPU
		{9EA3B5F5-3DC3-4052-9640-AA1126FD5EEB}.Debug|Any CPU.ActiveCfg = Debug|Any CPU
		{9EA3B5F5-3DC3-4052-9640-AA1126FD5EEB}.Debug|Any CPU.Build.0 = Debug|Any CPU
		{9EA3B5F5-3DC3-4052-9640-AA1126FD5EEB}.Release|Any CPU.ActiveCfg = Release|Any CPU
		{9EA3B5F5-3DC3-4052-9640-AA1126FD5EEB}.Release|Any CPU.Build.0 = Release|Any CPU
		{350F913E-86F7-4D86-A950-E5BFA33889A4}.Debug|Any CPU.ActiveCfg = Debug|Any CPU
		{350F913E-86F7-4D86-A950-E5BFA33889A4}.Debug|Any CPU.Build.0 = Debug|Any CPU
		{350F913E-86F7-4D86-A950-E5BFA33889A4}.Release|Any CPU.ActiveCfg = Release|Any CPU
		{350F913E-86F7-4D86-A950-E5BFA33889A4}.Release|Any CPU.Build.0 = Release|Any CPU
		{4BC5267B-4289-4CCA-BF94-42FFDCF24176}.Debug|Any CPU.ActiveCfg = Debug|Any CPU
		{4BC5267B-4289-4CCA-BF94-42FFDCF24176}.Debug|Any CPU.Build.0 = Debug|Any CPU
		{4BC5267B-4289-4CCA-BF94-42FFDCF24176}.Release|Any CPU.ActiveCfg = Release|Any CPU
		{4BC5267B-4289-4CCA-BF94-42FFDCF24176}.Release|Any CPU.Build.0 = Release|Any CPU
		{D9BBF118-A139-471D-8790-B362429529A5}.Debug|Any CPU.ActiveCfg = Debug|Any CPU
		{D9BBF118-A139-471D-8790-B362429529A5}.Debug|Any CPU.Build.0 = Debug|Any CPU
		{D9BBF118-A139-471D-8790-B362429529A5}.Release|Any CPU.ActiveCfg = Release|Any CPU
		{D9BBF118-A139-471D-8790-B362429529A5}.Release|Any CPU.Build.0 = Release|Any CPU
		{2B417881-0C86-43A1-A91F-42AB4EC6CBCE}.Debug|Any CPU.ActiveCfg = Debug|Any CPU
		{2B417881-0C86-43A1-A91F-42AB4EC6CBCE}.Debug|Any CPU.Build.0 = Debug|Any CPU
		{2B417881-0C86-43A1-A91F-42AB4EC6CBCE}.Release|Any CPU.ActiveCfg = Release|Any CPU
		{2B417881-0C86-43A1-A91F-42AB4EC6CBCE}.Release|Any CPU.Build.0 = Release|Any CPU
		{2EB4A945-01D0-4500-BEAF-31B76A6D275F}.Debug|Any CPU.ActiveCfg = Debug|Any CPU
		{2EB4A945-01D0-4500-BEAF-31B76A6D275F}.Debug|Any CPU.Build.0 = Debug|Any CPU
		{2EB4A945-01D0-4500-BEAF-31B76A6D275F}.Release|Any CPU.ActiveCfg = Release|Any CPU
		{2EB4A945-01D0-4500-BEAF-31B76A6D275F}.Release|Any CPU.Build.0 = Release|Any CPU
		{277B9721-311A-4B35-BEFC-495C4B29859C}.Debug|Any CPU.ActiveCfg = Debug|Any CPU
		{277B9721-311A-4B35-BEFC-495C4B29859C}.Debug|Any CPU.Build.0 = Debug|Any CPU
		{277B9721-311A-4B35-BEFC-495C4B29859C}.Release|Any CPU.ActiveCfg = Release|Any CPU
		{277B9721-311A-4B35-BEFC-495C4B29859C}.Release|Any CPU.Build.0 = Release|Any CPU
	EndGlobalSection
	GlobalSection(SolutionProperties) = preSolution
		HideSolutionNode = FALSE
	EndGlobalSection
	GlobalSection(NestedProjects) = preSolution
		{B4F08BFA-7746-450D-B9C5-C6F971E9BF49} = {DC6B615B-2571-41ED-8506-5D1A19911F29}
		{7801EBD5-647A-4D86-B314-DA2C03ED2EDB} = {DC6B615B-2571-41ED-8506-5D1A19911F29}
		{2B9E7B39-43A6-4E2D-B211-8CA2FCCAE43B} = {DC6B615B-2571-41ED-8506-5D1A19911F29}
		{84A53A68-5577-453F-A3E9-E26B346F60DB} = {DC6B615B-2571-41ED-8506-5D1A19911F29}
		{9EA3B5F5-3DC3-4052-9640-AA1126FD5EEB} = {DC6B615B-2571-41ED-8506-5D1A19911F29}
		{350F913E-86F7-4D86-A950-E5BFA33889A4} = {DC6B615B-2571-41ED-8506-5D1A19911F29}
		{4BC5267B-4289-4CCA-BF94-42FFDCF24176} = {DC6B615B-2571-41ED-8506-5D1A19911F29}
		{D9BBF118-A139-471D-8790-B362429529A5} = {DC6B615B-2571-41ED-8506-5D1A19911F29}
		{2B417881-0C86-43A1-A91F-42AB4EC6CBCE} = {4C1CD6AC-EF53-4EB3-A72B-BE5CF741B69C}
		{2EB4A945-01D0-4500-BEAF-31B76A6D275F} = {4C1CD6AC-EF53-4EB3-A72B-BE5CF741B69C}
		{277B9721-311A-4B35-BEFC-495C4B29859C} = {4C1CD6AC-EF53-4EB3-A72B-BE5CF741B69C}
	EndGlobalSection
	GlobalSection(ExtensibilityGlobals) = postSolution
		SolutionGuid = {BE027720-69A5-495F-AE95-C48E8B01A8EB}
	EndGlobalSection
EndGlobal
